PODS:
  - AAChartKit (3.0.2)
  - AFNetworking (3.2.1):
    - AFNetworking/NSURLSession (= 3.2.1)
    - AFNetworking/Reachability (= 3.2.1)
    - AFNetworking/Security (= 3.2.1)
    - AFNetworking/Serialization (= 3.2.1)
    - AFNetworking/UIKit (= 3.2.1)
  - AFNetworking/NSURLSession (3.2.1):
    - AFNetworking/Reachability
    - AFNetworking/Security
    - AFNetworking/Serialization
  - AFNetworking/Reachability (3.2.1)
  - AFNetworking/Security (3.2.1)
  - AFNetworking/Serialization (3.2.1)
  - AFNetworking/UIKit (3.2.1):
    - AFNetworking/NSURLSession
  - BmobSDK (2.3.1)
  - HHTransition (1.2.0)
  - IQKeyboardManager (6.2.0)
  - LCText (0.0.2)
  - Masonry (1.1.0)
  - MJRefresh (3.1.15.7)
  - skpsmtpmessage (0.0.1)
  - WechatOpenSDK (1.8.3)
  - YYModel (1.0.4)

DEPENDENCIES:
  - AAChartKit (from `https://github.com/AAChartModel/AAChartKit.git`)
  - AFNetworking
  - BmobSDK
  - HHTransition (~> 1.2.0)
  - IQKeyboardManager
  - LCText
  - Masonry
  - MJRefresh (~> 3.1.12)
  - skpsmtpmessage
  - WechatOpenSDK
  - YYModel

EXTERNAL SOURCES:
  AAChartKit:
    :git: https://github.com/AAChartModel/AAChartKit.git

CHECKOUT OPTIONS:
  AAChartKit:
    :commit: e98d82272901dd8b818d60b214aa19ee13c727fd
    :git: https://github.com/AAChartModel/AAChartKit.git

SPEC CHECKSUMS:
  AAChartKit: c2133dde14a07c8d537001964646d8636a06e846
  AFNetworking: b6f891fdfaed196b46c7a83cf209e09697b94057
  BmobSDK: e0f9e4b451233a80af63a8ae4f2d239474bf567b
  HHTransition: 35c278fbe8374cdf0931a805aef066d52256a897
  IQKeyboardManager: 6194101620b73af5e67900b8f89707a99de0b804
  LCText: d4dc2a932fc9a5cedb6982455239a101959f5858
  Masonry: 678fab65091a9290e40e2832a55e7ab731aad201
  MJRefresh: 697f8ec75ebdbe9207767bb682cf0f51b0d8a41f
  skpsmtpmessage: f6e913380c784dd8d4a9f83c8790a302445a5e05
  WechatOpenSDK: 3117412f8aafde4758cac1e8d20b93c67cafcfef
  YYModel: 2a7fdd96aaa4b86a824e26d0c517de8928c04b30

PODFILE CHECKSUM: a7e7067e0941a1bb4f45b9caf8bcf15afd9739c1

COCOAPODS: 1.4.0
